
Microsoft Visual Studio Solution File, Format Version 12.00
# Visual Studio 14
VisualStudioVersion = 14.0.25420.1
MinimumVisualStudioVersion = 10.0.40219.1
Project("{FAE04EC0-301F-11D3-BF4B-00C04F79EFBC}") = "aliyun-net-sdk-sms", "..\aliyun-net-sdk-sms\aliyun-net-sdk-sms.csproj", "{3EE264F1-F410-4C58-AF97-7A7FCD7B4437}"
EndProject
Project("{FAE04EC0-301F-11D3-BF4B-00C04F79EFBC}") = "aliyun-net-sdk-core", "..\aliyun-net-sdk-core\aliyun-net-sdk-core.csproj", "{BB84CECB-295D-4772-A669-3726E511CCFA}"
EndProject
Global
	GlobalSection(SolutionConfigurationPlatforms) = preSolution
		Debug|Any CPU = Debug|Any CPU
		Release|Any CPU = Release|Any CPU
	EndGlobalSection
	GlobalSection(ProjectConfigurationPlatforms) = postSolution
		{3EE264F1-F410-4C58-AF97-7A7FCD7B4437}.Debug|Any CPU.ActiveCfg = Debug|Any CPU
		{3EE264F1-F410-4C58-AF97-7A7FCD7B4437}.Debug|Any CPU.Build.0 = Debug|Any CPU
		{3EE264F1-F410-4C58-AF97-7A7FCD7B4437}.Release|Any CPU.ActiveCfg = Release|Any CPU
		{3EE264F1-F410-4C58-AF97-7A7FCD7B4437}.Release|Any CPU.Build.0 = Release|Any CPU
		{BB84CECB-295D-4772-A669-3726E511CCFA}.Debug|Any CPU.ActiveCfg = Debug|Any CPU
		{BB84CECB-295D-4772-A669-3726E511CCFA}.Debug|Any CPU.Build.0 = Debug|Any CPU
		{BB84CECB-295D-4772-A669-3726E511CCFA}.Release|Any CPU.ActiveCfg = Release|Any CPU
		{BB84CECB-295D-4772-A669-3726E511CCFA}.Release|Any CPU.Build.0 = Release|Any CPU
	EndGlobalSection
	GlobalSection(SolutionProperties) = preSolution
		HideSolutionNode = FALSE
	EndGlobalSection
EndGlobal
